<?xml version="1.0" encoding="utf-8"?>
<Project ToolsVersion="4.0" xmlns="http://schemas.microsoft.com/developer/msbuild/2003">
  <ItemGroup>
    <Filter Include="Source Files">
      <UniqueIdentifier>{4FC737F1-C7A5-4376-A066-2A32D752A2FF}</UniqueIdentifier>
      <Extensions>qml;cpp;c;cc;cxx;def;odl;idl;hpj;bat;asm;asmx</Extensions>
    </Filter>
    <Filter Include="Header Files">
      <UniqueIdentifier>{93995380-89BD-4b04-88EB-625FBE52EBFB}</UniqueIdentifier>
      <Extensions>h;hh;hpp;hxx;hm;inl;inc;xsd</Extensions>
    </Filter>
    <Filter Include="Resource Files">
      <UniqueIdentifier>{67DA6AB6-F800-4c08-8B7A-83BB121AAD01}</UniqueIdentifier>
      <Extensions>qrc;rc;ico;cur;bmp;dlg;rc2;rct;bin;rgs;gif;jpg;jpeg;jpe;resx;tiff;tif;png;wav;mfcribbon-ms</Extensions>
    </Filter>
    <Filter Include="Form Files">
      <UniqueIdentifier>{99349809-55BA-4b9d-BF79-8FDBB0286EB3}</UniqueIdentifier>
      <Extensions>ui</Extensions>
    </Filter>
    <Filter Include="Translation Files">
      <UniqueIdentifier>{639EADAA-A684-42e4-A9AD-28FC9BCB8F7C}</UniqueIdentifier>
      <Extensions>ts</Extensions>
    </Filter>
  </ItemGroup>
  <ItemGroup>
    <QtRcc Include="src\ui\Pin2.qrc">
      <Filter>Resource Files</Filter>
    </QtRcc>
    <QtUic Include="src\ui\Pin2.ui">
      <Filter>Form Files</Filter>
    </QtUic>
    <QtMoc Include="src\ui\Pin2.h">
      <Filter>Header Files</Filter>
    </QtMoc>
    <ClCompile Include="src\ui\Pin2.cpp">
      <Filter>Source Files</Filter>
    </ClCompile>
    <QtRcc Include="imgResource.qrc">
      <Filter>Resource Files</Filter>
    </QtRcc>
  </ItemGroup>
  <ItemGroup>
    <ClCompile Include="main.cpp">
      <Filter>Source Files</Filter>
    </ClCompile>
    <ClCompile Include="src\pin\CMyLabel.cpp">
      <Filter>Source Files</Filter>
    </ClCompile>
    <ClCompile Include="src\pin\datas.cpp">
      <Filter>Source Files</Filter>
    </ClCompile>
    <ClCompile Include="src\pin\PinDetect.cpp">
      <Filter>Source Files</Filter>
    </ClCompile>
    <ClCompile Include="src\pin\tinyxml2.cpp">
      <Filter>Source Files</Filter>
    </ClCompile>
    <ClCompile Include="src\pin\XmlClass2.cpp">
      <Filter>Source Files</Filter>
    </ClCompile>
    <ClCompile Include="src\ui\qg_Formula.cpp">
      <Filter>Source Files</Filter>
    </ClCompile>
    <ClCompile Include="src\ui\Pin3DMeasureWindow.cpp">
      <Filter>Source Files</Filter>
    </ClCompile>
    <ClCompile Include="src\pin\Pin3DMeasure.cpp">
      <Filter>Source Files</Filter>
    </ClCompile>
    <ClCompile Include="src\ui\qg_AxisParameter.cpp">
      <Filter>Source Files</Filter>
    </ClCompile>
    <ClCompile Include="src\machine\rs_motion.cpp">
      <Filter>Source Files</Filter>
    </ClCompile>
    <ClCompile Include="src\rs.cpp">
      <Filter>Source Files</Filter>
    </ClCompile>
    <ClCompile Include="src\style\StatusDelegate.cpp">
      <Filter>Source Files</Filter>
    </ClCompile>
    <ClCompile Include="src\style\SwitchDelegate.cpp">
      <Filter>Source Files</Filter>
    </ClCompile>
    <ClCompile Include="src\thread\Thread.cpp">
      <Filter>Source Files</Filter>
    </ClCompile>
    <ClCompile Include="src\tool\qc_log.cpp">
      <Filter>Source Files</Filter>
    </ClCompile>
    <ClCompile Include="src\style\RowData.cpp">
      <Filter>Source Files</Filter>
    </ClCompile>
    <ClCompile Include="src\ui\qg_2dCameraSetting.cpp">
      <Filter>Source Files</Filter>
    </ClCompile>
    <ClCompile Include="src\camera\MvCamera.cpp">
      <Filter>Source Files</Filter>
    </ClCompile>
    <ClCompile Include="src\camera\Camera3D.cpp">
      <Filter>Source Files</Filter>
    </ClCompile>
    <ClCompile Include="src\style\pinLabel.cpp">
      <Filter>Source Files</Filter>
    </ClCompile>
    <ClCompile Include="src\camera\VisionTools.cpp">
      <Filter>Source Files</Filter>
    </ClCompile>
    <ClCompile Include="src\ui\PinWindow.cpp">
      <Filter>Source Files</Filter>
    </ClCompile>
    <ClCompile Include="src\ui\qg_JogButton.cpp">
      <Filter>Source Files</Filter>
    </ClCompile>
    <ClCompile Include="DatabaseManager.cpp">
      <Filter>Source Files</Filter>
    </ClCompile>
    <ClCompile Include="src\ui\qg_QSLiteWidget.cpp">
      <Filter>Source Files</Filter>
    </ClCompile>
    <ClCompile Include="ProductDatabaseManager.cpp">
      <Filter>Source Files</Filter>
    </ClCompile>
    <ClCompile Include="src\ui\qg_VersionDialog.cpp">
      <Filter>Source Files</Filter>
    </ClCompile>
    <ClCompile Include="src\style\qg_NgChart.cpp">
      <Filter>Source Files</Filter>
    </ClCompile>
    <ClCompile Include="src\ui\qg_JogButton_ED.cpp">
      <Filter>Source Files</Filter>
    </ClCompile>
    <ClCompile Include="src\ui\qg_AxisState.cpp">
      <Filter>Source Files</Filter>
    </ClCompile>
    <ClCompile Include="src\pin\DataIO.cpp">
      <Filter>Source Files</Filter>
    </ClCompile>
    <ClCompile Include="src\vision\BarCodeDetect.cpp">
      <Filter>Source Files</Filter>
    </ClCompile>
    <ClCompile Include="src\vision\BarCodeWindow.cpp">
      <Filter>Source Files</Filter>
    </ClCompile>
    <ClCompile Include="src\vision\BlobDetect.cpp">
      <Filter>Source Files</Filter>
    </ClCompile>
    <ClCompile Include="src\vision\BlobWindow.cpp">
      <Filter>Source Files</Filter>
    </ClCompile>
    <ClCompile Include="src\vision\CircleDetect.cpp">
      <Filter>Source Files</Filter>
    </ClCompile>
    <ClCompile Include="src\vision\CircleWindow.cpp">
      <Filter>Source Files</Filter>
    </ClCompile>
    <ClCompile Include="src\vision\QRCodeDetect.cpp">
      <Filter>Source Files</Filter>
    </ClCompile>
    <ClCompile Include="src\vision\QRCodeWindow.cpp">
      <Filter>Source Files</Filter>
    </ClCompile>
    <ClCompile Include="src\vision\TemplateDetect.cpp">
      <Filter>Source Files</Filter>
    </ClCompile>
    <ClCompile Include="src\vision\TemplateWindow.cpp">
      <Filter>Source Files</Filter>
    </ClCompile>
    <ClCompile Include="src\ui\qg_userChange.cpp">
      <Filter>Source Files</Filter>
    </ClCompile>
    <ClCompile Include="src\style\QGraphicsViews.cpp">
      <Filter>Source Files</Filter>
    </ClCompile>
    <ClCompile Include="src\style\ControlItem.cpp">
      <Filter>Source Files</Filter>
    </ClCompile>
    <ClCompile Include="src\style\ImageItem.cpp">
      <Filter>Source Files</Filter>
    </ClCompile>
    <ClCompile Include="src\style\QGraphicsScenes.cpp">
      <Filter>Source Files</Filter>
    </ClCompile>
    <ClCompile Include="src\style\ImageTypeConvert.cpp">
      <Filter>Source Files</Filter>
    </ClCompile>
    <ClCompile Include="src\tool\QtcpClass.cpp">
      <Filter>Source Files</Filter>
    </ClCompile>
    <ClCompile Include="src\tool\JsonConfigManager.cpp">
      <Filter>Source Files</Filter>
    </ClCompile>
    <ClCompile Include="src\ui\qg_showResultPicDlg.cpp">
      <Filter>Source Files</Filter>
    </ClCompile>
    <ClCompile Include="src\vision\RobotCalibDetect.cpp">
      <Filter>Source Files</Filter>
    </ClCompile>
    <ClCompile Include="src\vision\RobotCalibWindow.cpp">
      <Filter>Source Files</Filter>
    </ClCompile>
    <ClCompile Include="src\vision\PaintDetect.cpp">
      <Filter>Source Files</Filter>
    </ClCompile>
    <ClCompile Include="src\vision\Common.cpp">
      <Filter>Source Files</Filter>
    </ClCompile>
    <ClCompile Include="src\style\BaseItem.cpp">
      <Filter>Source Files</Filter>
    </ClCompile>
    <ClCompile Include="src\tool\ModbusTcpClient.cpp">
      <Filter>Source Files</Filter>
    </ClCompile>
    <ClCompile Include="src\ui\qg_TestUI.cpp">
      <Filter>Source Files</Filter>
    </ClCompile>
    <ClCompile Include="src\tool\ModbusTcpServer.cpp">
      <Filter>Source Files</Filter>
    </ClCompile>
    <ClCompile Include="src\ui\qg_JogButton_ED_New.cpp">
      <Filter>Source Files</Filter>
    </ClCompile>
    <ClCompile Include="src\style\SmoothScrollLabel.cpp">
      <Filter>Source Files</Filter>
    </ClCompile>
    <ClCompile Include="src\ui\qg_MyMessageBox.cpp">
      <Filter>Source Files</Filter>
    </ClCompile>
    <ClCompile Include="src\tool\ModbusManager.cpp">
      <Filter>Source Files</Filter>
    </ClCompile>
    <ClCompile Include="src\thread\ThreadGuard.cpp">
      <Filter>Source Files</Filter>
    </ClCompile>
    <ClCompile Include="src\ui\qg_JogButton_BT.cpp">
      <Filter>Source Files</Filter>
    </ClCompile>
    <ClCompile Include="src\tool\rs_FunctionTool.cpp">
      <Filter>Source Files</Filter>
    </ClCompile>
    <ClCompile Include="src\style\qcustomplot.cpp">
      <Filter>Source Files</Filter>
    </ClCompile>
    <ClCompile Include="src\style\TimeSeriesPlot.cpp">
      <Filter>Source Files</Filter>
    </ClCompile>
    <ClCompile Include="src\ui\qg_RobotProject_ED.cpp">
      <Filter>Source Files</Filter>
    </ClCompile>
    <ClCompile Include="src\style\QtMyGroupBox.cpp">
      <Filter>Source Files</Filter>
    </ClCompile>
    <ClCompile Include="src\style\TechGroupBox.cpp">
      <Filter>Source Files</Filter>
    </ClCompile>
    <ClCompile Include="src\style\quiwidget.cpp">
      <Filter>Source Files</Filter>
    </ClCompile>
    <ClCompile Include="src\style\showcpumemory.cpp">
      <Filter>Source Files</Filter>
    </ClCompile>
    <ClCompile Include="src\ui\qg_JogButton_JMPin.cpp">
      <Filter>Source Files</Filter>
    </ClCompile>
    <ClCompile Include="src\ui\qg_JogButton_JMHan.cpp">
      <Filter>Source Files</Filter>
    </ClCompile>
  </ItemGroup>
  <ItemGroup>
    <QtMoc Include="src\pin\cmylabel.h">
      <Filter>Header Files</Filter>
    </QtMoc>
    <QtMoc Include="src\ui\qg_Formula.h">
      <Filter>Header Files</Filter>
    </QtMoc>
    <QtMoc Include="src\ui\Pin3DMeasureWindow.h">
      <Filter>Header Files</Filter>
    </QtMoc>
    <QtMoc Include="src\ui\qg_AxisParameter.h">
      <Filter>Header Files</Filter>
    </QtMoc>
    <QtMoc Include="src\style\StatusDelegate.h">
      <Filter>Header Files</Filter>
    </QtMoc>
    <QtMoc Include="src\style\SwitchDelegate.h">
      <Filter>Header Files</Filter>
    </QtMoc>
    <QtMoc Include="src\thread\Thread.h">
      <Filter>Header Files</Filter>
    </QtMoc>
    <QtMoc Include="src\tool\qc_log.h">
      <Filter>Header Files</Filter>
    </QtMoc>
    <QtMoc Include="src\ui\qg_2dCameraSetting.h">
      <Filter>Header Files</Filter>
    </QtMoc>
    <QtMoc Include="src\machine\rs_motion.h">
      <Filter>Header Files</Filter>
    </QtMoc>
    <QtMoc Include="src\camera\MvCamera.h">
      <Filter>Header Files</Filter>
    </QtMoc>
    <QtMoc Include="src\camera\Camera3D.h">
      <Filter>Header Files</Filter>
    </QtMoc>
    <QtMoc Include="src\camera\VisionTools.h">
      <Filter>Header Files</Filter>
    </QtMoc>
    <QtMoc Include="src\ui\PinWindow.h">
      <Filter>Header Files</Filter>
    </QtMoc>
    <QtMoc Include="src\ui\qg_JogButton.h">
      <Filter>Header Files</Filter>
    </QtMoc>
    <QtMoc Include="src\ui\qg_QSLiteWidget.h">
      <Filter>Header Files</Filter>
    </QtMoc>
    <QtMoc Include="DatabaseManager.h">
      <Filter>Header Files</Filter>
    </QtMoc>
    <QtMoc Include="ProductDatabaseManager.h">
      <Filter>Header Files</Filter>
    </QtMoc>
    <QtMoc Include="src\ui\qg_VersionDialog.h">
      <Filter>Header Files</Filter>
    </QtMoc>
    <QtMoc Include="src\style\qg_NgChart.h">
      <Filter>Header Files</Filter>
    </QtMoc>
    <QtMoc Include="src\ui\qg_JogButton_ED.h">
      <Filter>Header Files</Filter>
    </QtMoc>
    <QtMoc Include="src\ui\qg_AxisState.h">
      <Filter>Header Files</Filter>
    </QtMoc>
    <QtMoc Include="src\vision\BarCodeWindow.h">
      <Filter>Header Files</Filter>
    </QtMoc>
    <QtMoc Include="src\vision\BlobWindow.h">
      <Filter>Header Files</Filter>
    </QtMoc>
    <QtMoc Include="src\vision\CircleWindow.h">
      <Filter>Header Files</Filter>
    </QtMoc>
    <QtMoc Include="src\vision\QRCodeWindow.h">
      <Filter>Header Files</Filter>
    </QtMoc>
    <QtMoc Include="src\vision\TemplateWindow.h">
      <Filter>Header Files</Filter>
    </QtMoc>
    <QtMoc Include="src\ui\qg_userChange.h">
      <Filter>Header Files</Filter>
    </QtMoc>
    <QtMoc Include="src\style\QGraphicsViews.h">
      <Filter>Header Files</Filter>
    </QtMoc>
    <QtMoc Include="src\style\ControlItem.h">
      <Filter>Header Files</Filter>
    </QtMoc>
    <QtMoc Include="src\style\ImageItem.h">
      <Filter>Header Files</Filter>
    </QtMoc>
    <QtMoc Include="src\style\QGraphicsScenes.h">
      <Filter>Header Files</Filter>
    </QtMoc>
    <QtMoc Include="src\style\ImageTypeConvert.h">
      <Filter>Header Files</Filter>
    </QtMoc>
    <QtMoc Include="src\tool\QtcpClass.h">
      <Filter>Header Files</Filter>
    </QtMoc>
    <QtMoc Include="src\tool\JsonConfigManager.h">
      <Filter>Header Files</Filter>
    </QtMoc>
    <QtMoc Include="src\ui\qg_showResultPicDlg.h">
      <Filter>Header Files</Filter>
    </QtMoc>
    <QtMoc Include="src\vision\RobotCalibWindow.h">
      <Filter>Header Files</Filter>
    </QtMoc>
    <QtMoc Include="src\vision\Common.h">
      <Filter>Header Files</Filter>
    </QtMoc>
    <QtMoc Include="src\style\BaseItem.h">
      <Filter>Header Files</Filter>
    </QtMoc>
    <QtMoc Include="src\tool\ModbusTcpClient.h">
      <Filter>Header Files</Filter>
    </QtMoc>
    <QtMoc Include="src\ui\qg_TestUI.h">
      <Filter>Header Files</Filter>
    </QtMoc>
    <QtMoc Include="src\tool\ModbusTcpServer.h">
      <Filter>Header Files</Filter>
    </QtMoc>
    <QtMoc Include="src\ui\qg_JogButton_ED_New.h">
      <Filter>Header Files</Filter>
    </QtMoc>
    <QtMoc Include="src\style\SmoothScrollLabel.h">
      <Filter>Header Files</Filter>
    </QtMoc>
    <QtMoc Include="src\ui\qg_MyMessageBox.h">
      <Filter>Header Files</Filter>
    </QtMoc>
    <QtMoc Include="src\ui\qg_JogButton_BT.h">
      <Filter>Header Files</Filter>
    </QtMoc>
    <QtMoc Include="src\tool\rs_FunctionTool.h">
      <Filter>Header Files</Filter>
    </QtMoc>
    <QtMoc Include="src\style\qcustomplot.h">
      <Filter>Header Files</Filter>
    </QtMoc>
    <QtMoc Include="src\style\TimeSeriesPlot.h">
      <Filter>Header Files</Filter>
    </QtMoc>
    <QtMoc Include="src\ui\qg_RobotProject_ED.h">
      <Filter>Header Files</Filter>
    </QtMoc>
    <QtMoc Include="src\style\QtMyGroupBox.h">
      <Filter>Header Files</Filter>
    </QtMoc>
    <QtMoc Include="src\style\TechGroupBox.h">
      <Filter>Header Files</Filter>
    </QtMoc>
    <QtMoc Include="src\style\quiwidget.h">
      <Filter>Header Files</Filter>
    </QtMoc>
    <QtMoc Include="src\style\showcpumemory.h">
      <Filter>Header Files</Filter>
    </QtMoc>
    <QtMoc Include="src\ui\qg_JogButton_JMPin.h">
      <Filter>Header Files</Filter>
    </QtMoc>
    <QtMoc Include="src\ui\qg_JogButton_JMHan.h">
      <Filter>Header Files</Filter>
    </QtMoc>
  </ItemGroup>
  <ItemGroup>
    <ClInclude Include="src\pin\datas.h">
      <Filter>Header Files</Filter>
    </ClInclude>
    <ClInclude Include="src\pin\PinDetect.h">
      <Filter>Header Files</Filter>
    </ClInclude>
    <ClInclude Include="src\pin\tinyxml2.h">
      <Filter>Header Files</Filter>
    </ClInclude>
    <ClInclude Include="src\pin\XmlClass2.h">
      <Filter>Header Files</Filter>
    </ClInclude>
    <ClInclude Include="src\pin\Pin3DMeasure.h">
      <Filter>Header Files</Filter>
    </ClInclude>
    <ClInclude Include="src\rs.h">
      <Filter>Header Files</Filter>
    </ClInclude>
    <ClInclude Include="src\style\RowData.h">
      <Filter>Header Files</Filter>
    </ClInclude>
    <ClInclude Include="src\mvs\MvCamera.h">
      <Filter>Header Files</Filter>
    </ClInclude>
    <ClInclude Include="resource.h">
      <Filter>Header Files</Filter>
    </ClInclude>
    <ClInclude Include="src\pin\DataIO.h">
      <Filter>Header Files</Filter>
    </ClInclude>
    <ClInclude Include="src\pin\dataDetect.h">
      <Filter>Header Files</Filter>
    </ClInclude>
    <ClInclude Include="src\vision\BarCodeDetect.h">
      <Filter>Header Files</Filter>
    </ClInclude>
    <ClInclude Include="src\vision\BlobDetect.h">
      <Filter>Header Files</Filter>
    </ClInclude>
    <ClInclude Include="src\vision\CircleDetect.h">
      <Filter>Header Files</Filter>
    </ClInclude>
    <ClInclude Include="src\vision\QRCodeDetect.h">
      <Filter>Header Files</Filter>
    </ClInclude>
    <ClInclude Include="src\vision\TemplateDetect.h">
      <Filter>Header Files</Filter>
    </ClInclude>
    <ClInclude Include="src\vision\RobotCalibDetect.h">
      <Filter>Header Files</Filter>
    </ClInclude>
    <ClInclude Include="src\vision\PaintDetect.h">
      <Filter>Header Files</Filter>
    </ClInclude>
    <ClInclude Include="src\tool\ModbusManager.h">
      <Filter>Header Files</Filter>
    </ClInclude>
    <ClInclude Include="src\thread\ThreadGuard.h">
      <Filter>Header Files</Filter>
    </ClInclude>
    <ClInclude Include="src\style\pinLabel.h">
      <Filter>Header Files</Filter>
    </ClInclude>
  </ItemGroup>
  <ItemGroup>
    <QtUic Include="src\ui\qg_Formula.ui">
      <Filter>Form Files</Filter>
    </QtUic>
    <QtUic Include="src\ui\Pin3DMeasureWindow.ui">
      <Filter>Form Files</Filter>
    </QtUic>
    <QtUic Include="src\ui\qg_AxisParameter.ui">
      <Filter>Form Files</Filter>
    </QtUic>
    <QtUic Include="src\ui\qg_2dCameraSetting.ui">
      <Filter>Form Files</Filter>
    </QtUic>
    <QtUic Include="src\ui\PinWindow.ui">
      <Filter>Form Files</Filter>
    </QtUic>
    <QtUic Include="src\ui\qg_JogButton.ui">
      <Filter>Form Files</Filter>
    </QtUic>
    <QtUic Include="src\ui\qg_QSLiteWidget.ui">
      <Filter>Form Files</Filter>
    </QtUic>
    <QtUic Include="src\ui\qg_VersionDialog.ui">
      <Filter>Form Files</Filter>
    </QtUic>
    <QtUic Include="src\ui\qg_JogButton_ED.ui">
      <Filter>Form Files</Filter>
    </QtUic>
    <QtUic Include="src\ui\qg_AxisState.ui">
      <Filter>Form Files</Filter>
    </QtUic>
    <QtUic Include="src\vision\BarCodeWindow.ui">
      <Filter>Form Files</Filter>
    </QtUic>
    <QtUic Include="src\vision\BlobWindow.ui">
      <Filter>Form Files</Filter>
    </QtUic>
    <QtUic Include="src\vision\CircleWindow.ui">
      <Filter>Form Files</Filter>
    </QtUic>
    <QtUic Include="src\vision\QRCodeWindow.ui">
      <Filter>Form Files</Filter>
    </QtUic>
    <QtUic Include="src\vision\TemplateWindow.ui">
      <Filter>Form Files</Filter>
    </QtUic>
    <QtUic Include="src\ui\qg_userChange.ui">
      <Filter>Form Files</Filter>
    </QtUic>
    <QtUic Include="src\ui\qg_showResultPicDlg.ui">
      <Filter>Form Files</Filter>
    </QtUic>
    <QtUic Include="src\vision\RobotCalibWindow.ui">
      <Filter>Form Files</Filter>
    </QtUic>
    <QtUic Include="src\ui\qg_TestUI.ui">
      <Filter>Form Files</Filter>
    </QtUic>
    <QtUic Include="src\ui\qg_JogButton_ED_New.ui">
      <Filter>Form Files</Filter>
    </QtUic>
    <QtUic Include="src\ui\qg_MyMessageBox.ui">
      <Filter>Form Files</Filter>
    </QtUic>
    <QtUic Include="src\ui\qg_JogButton_BT.ui">
      <Filter>Form Files</Filter>
    </QtUic>
    <QtUic Include="src\ui\qg_RobotProject_ED.ui">
      <Filter>Form Files</Filter>
    </QtUic>
    <QtUic Include="src\ui\qg_JogButton_JMPin.ui">
      <Filter>Form Files</Filter>
    </QtUic>
    <QtUic Include="src\ui\qg_JogButton_JMHan.ui">
      <Filter>Form Files</Filter>
    </QtUic>
  </ItemGroup>
  <ItemGroup>
    <QtTranslation Include="src\translations\Translation_zh_CN.ts">
      <Filter>Translation Files</Filter>
    </QtTranslation>
  </ItemGroup>
  <ItemGroup>
    <ResourceCompile Include="Pin2.rc">
      <Filter>Resource Files</Filter>
    </ResourceCompile>
  </ItemGroup>
  <ItemGroup>
    <Image Include="icon1.ico">
      <Filter>Resource Files</Filter>
    </Image>
    <Image Include="icon2.ico">
      <Filter>Resource Files</Filter>
    </Image>
    <Image Include="res\icons8-1.png">
      <Filter>Resource Files</Filter>
    </Image>
    <Image Include="image\icons8-1.png">
      <Filter>Resource Files</Filter>
    </Image>
  </ItemGroup>
</Project>