
Microsoft Visual Studio Solution File, Format Version 12.00
# Visual Studio Version 16
VisualStudioVersion = 16.0.35425.106
MinimumVisualStudioVersion = 10.0.40219.1
Project("{8BC9CEB8-8B4A-11D0-8D11-00A0C91BC942}") = "Pin2", "Pin2.vcxproj", "{183591D2-D6E8-48F5-9D55-71DBB31A6892}"
EndProject
Global
	GlobalSection(SolutionConfigurationPlatforms) = preSolution
		Debug|x64 = Debug|x64
		Debug2|x64 = Debug2|x64
		Release|x64 = Release|x64
	EndGlobalSection
	GlobalSection(ProjectConfigurationPlatforms) = postSolution
		{183591D2-D6E8-48F5-9D55-71DBB31A6892}.Debug|x64.ActiveCfg = Debug|x64
		{183591D2-D6E8-48F5-9D55-71DBB31A6892}.Debug|x64.Build.0 = Debug|x64
		{183591D2-D6E8-48F5-9D55-71DBB31A6892}.Debug2|x64.ActiveCfg = Debug2|x64
		{183591D2-D6E8-48F5-9D55-71DBB31A6892}.Debug2|x64.Build.0 = Debug2|x64
		{183591D2-D6E8-48F5-9D55-71DBB31A6892}.Release|x64.ActiveCfg = Release|x64
		{183591D2-D6E8-48F5-9D55-71DBB31A6892}.Release|x64.Build.0 = Release|x64
	EndGlobalSection
	GlobalSection(SolutionProperties) = preSolution
		HideSolutionNode = FALSE
	EndGlobalSection
	GlobalSection(ExtensibilityGlobals) = postSolution
		SolutionGuid = {356A9DF8-0721-40F9-8501-6016065093F0}
	EndGlobalSection
EndGlobal
